
Microsoft Visual Studio Solution File, Format Version 12.00
# Visual Studio Version 17
VisualStudioVersion = 17.12.35707.178
MinimumVisualStudioVersion = 10.0.40219.1
Project("{FAE04EC0-301F-11D3-BF4B-00C04F79EFBC}") = "AzureAdApp", "AzureAdApp\AzureAdApp.csproj", "{A8235144-C7D4-4BB0-998A-C2E183086191}"
EndProject
Project("{FAE04EC0-301F-11D3-BF4B-00C04F79EFBC}") = "AzureFunctionsAdApp", "AzureFunctionsAdApp\AzureFunctionsAdApp.csproj", "{5D8FD968-5F11-4D49-BDF2-78069F38157D}"
EndProject
Global
	GlobalSection(SolutionConfigurationPlatforms) = preSolution
		Debug|Any CPU = Debug|Any CPU
		Release|Any CPU = Release|Any CPU
	EndGlobalSection
	GlobalSection(ProjectConfigurationPlatforms) = postSolution
		{A8235144-C7D4-4BB0-998A-C2E183086191}.Debug|Any CPU.ActiveCfg = Debug|Any CPU
		{A8235144-C7D4-4BB0-998A-C2E183086191}.Debug|Any CPU.Build.0 = Debug|Any CPU
		{A8235144-C7D4-4BB0-998A-C2E183086191}.Release|Any CPU.ActiveCfg = Release|Any CPU
		{A8235144-C7D4-4BB0-998A-C2E183086191}.Release|Any CPU.Build.0 = Release|Any CPU
		{5D8FD968-5F11-4D49-BDF2-78069F38157D}.Debug|Any CPU.ActiveCfg = Debug|Any CPU
		{5D8FD968-5F11-4D49-BDF2-78069F38157D}.Debug|Any CPU.Build.0 = Debug|Any CPU
		{5D8FD968-5F11-4D49-BDF2-78069F38157D}.Release|Any CPU.ActiveCfg = Release|Any CPU
		{5D8FD968-5F11-4D49-BDF2-78069F38157D}.Release|Any CPU.Build.0 = Release|Any CPU
	EndGlobalSection
	GlobalSection(SolutionProperties) = preSolution
		HideSolutionNode = FALSE
	EndGlobalSection
EndGlobal
